
Microsoft Visual Studio Solution File, Format Version 12.00
# Visual Studio Version 17
VisualStudioVersion = 17.4.33213.308
MinimumVisualStudioVersion = 10.0.40219.1
Project("{FAE04EC0-301F-11D3-BF4B-00C04F79EFBC}") = "elecciones-api", "elecciones-api\elecciones-api.csproj", "{01777CAD-CD2E-451B-BD6E-484F0F8F9421}"
EndProject
Global
	GlobalSection(SolutionConfigurationPlatforms) = preSolution
		Debug|Any CPU = Debug|Any CPU
		Release|Any CPU = Release|Any CPU
	EndGlobalSection
	GlobalSection(ProjectConfigurationPlatforms) = postSolution
		{01777CAD-CD2E-451B-BD6E-484F0F8F9421}.Debug|Any CPU.ActiveCfg = Debug|Any CPU
		{01777CAD-CD2E-451B-BD6E-484F0F8F9421}.Debug|Any CPU.Build.0 = Debug|Any CPU
		{01777CAD-CD2E-451B-BD6E-484F0F8F9421}.Release|Any CPU.ActiveCfg = Release|Any CPU
		{01777CAD-CD2E-451B-BD6E-484F0F8F9421}.Release|Any CPU.Build.0 = Release|Any CPU
	EndGlobalSection
	GlobalSection(SolutionProperties) = preSolution
		HideSolutionNode = FALSE
	EndGlobalSection
	GlobalSection(ExtensibilityGlobals) = postSolution
		SolutionGuid = {FDF28A2D-7BD0-43C5-8F5D-7AEDB44CA5E6}
	EndGlobalSection
EndGlobal
